{
  "name": "yiye",
  "version": "1.0.0",
  "lockfileVersion": 1,
  "requires": true,
  "dependencies": {
    "async-validator": {
      "version": "1.8.2",
      "resolved": "http://registry.npm.taobao.org/async-validator/download/async-validator-1.8.2.tgz",
      "integrity": "sha1-t3WXIm6WJC+NUxwNRq4pX2JCK6Q=",
      "requires": {
        "babel-runtime": "6.26.0"
      }
    },
    "babel-helper-vue-jsx-merge-props": {
      "version": "2.0.3",
      "resolved": "http://registry.npm.taobao.org/babel-helper-vue-jsx-merge-props/download/babel-helper-vue-jsx-merge-props-2.0.3.tgz",
      "integrity": "sha1-Iq69OzOQIyjlEyk6jkmSs4T58bY="
    },
    "babel-runtime": {
      "version": "6.26.0",
      "resolved": "http://registry.npm.taobao.org/babel-runtime/download/babel-runtime-6.26.0.tgz",
      "integrity": "sha1-llxwWGaOgrVde/4E/yM3vItWR/4=",
      "requires": {
        "core-js": "2.5.7",
        "regenerator-runtime": "0.11.1"
      }
    },
    "big.js": {
      "version": "3.2.0",
      "resolved": "http://registry.npm.taobao.org/big.js/download/big.js-3.2.0.tgz",
      "integrity": "sha1-pfwpi4G54Nyi5FiCR4S2XFK6WI4=",
      "dev": true
    },
    "clone-deep": {
      "version": "2.0.2",
      "resolved": "http://registry.npm.taobao.org/clone-deep/download/clone-deep-2.0.2.tgz",
      "integrity": "sha1-ANs6Hhc2VnMNEYjD1qztbX6pdxM=",
      "dev": true,
      "requires": {
        "for-own": "1.0.0",
        "is-plain-object": "2.0.4",
        "kind-of": "6.0.2",
        "shallow-clone": "1.0.0"
      }
    },
    "core-js": {
      "version": "2.5.7",
      "resolved": "http://registry.npm.taobao.org/core-js/download/core-js-2.5.7.tgz",
      "integrity": "sha1-+XJgj/DOrWi4QaFqky0LGDeRgU4="
    },
    "deepmerge": {
      "version": "1.5.2",
      "resolved": "http://registry.npm.taobao.org/deepmerge/download/deepmerge-1.5.2.tgz",
      "integrity": "sha1-EEmdhohEza1P7ghC34x/bwyVp1M="
    },
    "element-ui": {
      "version": "1.4.13",
      "resolved": "http://registry.npm.taobao.org/element-ui/download/element-ui-1.4.13.tgz",
      "integrity": "sha1-0LBVmHrwy5N6ETW6v0NgroDUoSE=",
      "requires": {
        "async-validator": "1.8.2",
        "babel-helper-vue-jsx-merge-props": "2.0.3",
        "deepmerge": "1.5.2",
        "throttle-debounce": "1.1.0"
      }
    },
    "emojis-list": {
      "version": "2.1.0",
      "resolved": "http://registry.npm.taobao.org/emojis-list/download/emojis-list-2.1.0.tgz",
      "integrity": "sha1-TapNnbAPmBmIDHn6RXrlsJof04k=",
      "dev": true
    },
    "for-in": {
      "version": "1.0.2",
      "resolved": "http://registry.npm.taobao.org/for-in/download/for-in-1.0.2.tgz",
      "integrity": "sha1-gQaNKVqBQuwKxybG4iAMMPttXoA=",
      "dev": true
    },
    "for-own": {
      "version": "1.0.0",
      "resolved": "http://registry.npm.taobao.org/for-own/download/for-own-1.0.0.tgz",
      "integrity": "sha1-xjMy9BXO3EsE2/5wz4NklMU8tEs=",
      "dev": true,
      "requires": {
        "for-in": "1.0.2"
      }
    },
    "is-extendable": {
      "version": "0.1.1",
      "resolved": "http://registry.npm.taobao.org/is-extendable/download/is-extendable-0.1.1.tgz",
      "integrity": "sha1-YrEQ4omkcUGOPsNqYX1HLjAd/Ik=",
      "dev": true
    },
    "is-plain-object": {
      "version": "2.0.4",
      "resolved": "http://registry.npm.taobao.org/is-plain-object/download/is-plain-object-2.0.4.tgz",
      "integrity": "sha1-LBY7P6+xtgbZ0Xko8FwqHDjgdnc=",
      "dev": true,
      "requires": {
        "isobject": "3.0.1"
      }
    },
    "isobject": {
      "version": "3.0.1",
      "resolved": "http://registry.npm.taobao.org/isobject/download/isobject-3.0.1.tgz",
      "integrity": "sha1-TkMekrEalzFjaqH5yNHMvP2reN8=",
      "dev": true
    },
    "json5": {
      "version": "0.5.1",
      "resolved": "http://registry.npm.taobao.org/json5/download/json5-0.5.1.tgz",
      "integrity": "sha1-Hq3nrMASA0rYTiOWdn6tn6VJWCE=",
      "dev": true
    },
    "kind-of": {
      "version": "6.0.2",
      "resolved": "http://registry.npm.taobao.org/kind-of/download/kind-of-6.0.2.tgz",
      "integrity": "sha1-ARRrNqYhjmTljzqNZt5df8b20FE=",
      "dev": true
    },
    "loader-utils": {
      "version": "1.1.0",
      "resolved": "http://registry.npm.taobao.org/loader-utils/download/loader-utils-1.1.0.tgz",
      "integrity": "sha1-yYrvSIvM7aL/teLeZG1qdUQp9c0=",
      "dev": true,
      "requires": {
        "big.js": "3.2.0",
        "emojis-list": "2.1.0",
        "json5": "0.5.1"
      }
    },
    "lodash.tail": {
      "version": "4.1.1",
      "resolved": "http://registry.npm.taobao.org/lodash.tail/download/lodash.tail-4.1.1.tgz",
      "integrity": "sha1-0jM6NtnncXyK0vfKyv7HwytERmQ=",
      "dev": true
    },
    "mixin-object": {
      "version": "2.0.1",
      "resolved": "http://registry.npm.taobao.org/mixin-object/download/mixin-object-2.0.1.tgz",
      "integrity": "sha1-T7lJRB2rGCVA8f4DW6YOGUel5X4=",
      "dev": true,
      "requires": {
        "for-in": "0.1.8",
        "is-extendable": "0.1.1"
      },
      "dependencies": {
        "for-in": {
          "version": "0.1.8",
          "resolved": "http://registry.npm.taobao.org/for-in/download/for-in-0.1.8.tgz",
          "integrity": "sha1-2Hc5COMSVhCZUrH9ubP6hn0ndeE=",
          "dev": true
        }
      }
    },
    "neo-async": {
      "version": "2.5.1",
      "resolved": "http://registry.npm.taobao.org/neo-async/download/neo-async-2.5.1.tgz",
      "integrity": "sha1-rLkJ4yex6H7J7xX0G4omlRKtQe4=",
      "dev": true
    },
    "pify": {
      "version": "3.0.0",
      "resolved": "http://registry.npm.taobao.org/pify/download/pify-3.0.0.tgz",
      "integrity": "sha1-5aSs0sEB/fPZpNB/DbxNtJ3SgXY=",
      "dev": true
    },
    "regenerator-runtime": {
      "version": "0.11.1",
      "resolved": "http://registry.npm.taobao.org/regenerator-runtime/download/regenerator-runtime-0.11.1.tgz",
      "integrity": "sha1-vgWtf5v30i4Fb5cmzuUBf78Z4uk="
    },
    "sass-loader": {
      "version": "7.0.3",
      "resolved": "http://registry.npm.taobao.org/sass-loader/download/sass-loader-7.0.3.tgz",
      "integrity": "sha1-bKEIcaHMdUn4FD21qZWCQsTkyio=",
      "dev": true,
      "requires": {
        "clone-deep": "2.0.2",
        "loader-utils": "1.1.0",
        "lodash.tail": "4.1.1",
        "neo-async": "2.5.1",
        "pify": "3.0.0"
      }
    },
    "shallow-clone": {
      "version": "1.0.0",
      "resolved": "http://registry.npm.taobao.org/shallow-clone/download/shallow-clone-1.0.0.tgz",
      "integrity": "sha1-RIDNBuiC72iyrYij6lSDLixItXE=",
      "dev": true,
      "requires": {
        "is-extendable": "0.1.1",
        "kind-of": "5.1.0",
        "mixin-object": "2.0.1"
      },
      "dependencies": {
        "kind-of": {
          "version": "5.1.0",
          "resolved": "http://registry.npm.taobao.org/kind-of/download/kind-of-5.1.0.tgz",
          "integrity": "sha1-cpyR4thXt6QZofmqZWhcTDP1hF0=",
          "dev": true
        }
      }
    },
    "throttle-debounce": {
      "version": "1.1.0",
      "resolved": "http://registry.npm.taobao.org/throttle-debounce/download/throttle-debounce-1.1.0.tgz",
      "integrity": "sha1-UYU9o3vmihVctugns1FKPEIuic0="
    }
  }
}
